Microsoft Visual Studio Solution File, Format Version 12.00
# Visual Studio Version 17
VisualStudioVersion = 17.5.2.0
MinimumVisualStudioVersion = 10.0.40219.1
Project("{FAE04EC0-301F-11D3-BF4B-00C04F79EFBC}") = "Builder", "Builder\Builder.csproj", "{046E746F-0D49-ADED-C09E-82E7BB7CCBCE}"
EndProject
Project("{FAE04EC0-301F-11D3-BF4B-00C04F79EFBC}") = "Prototype", "Prototype\Prototype.csproj", "{3BBD4F2E-2264-BD36-65C9-5FCE2E579B7B}"
EndProject
Project("{FAE04EC0-301F-11D3-BF4B-00C04F79EFBC}") = "Singleton", "Singleton\Singleton.csproj", "{C34EFC05-B340-D758-436C-D5A6D3C70B11}"
EndProject
Global
	GlobalSection(SolutionConfigurationPlatforms) = preSolution
		Debug|Any CPU = Debug|Any CPU
		Release|Any CPU = Release|Any CPU
	EndGlobalSection
	GlobalSection(ProjectConfigurationPlatforms) = postSolution
		{046E746F-0D49-ADED-C09E-82E7BB7CCBCE}.Debug|Any CPU.ActiveCfg = Debug|Any CPU
		{046E746F-0D49-ADED-C09E-82E7BB7CCBCE}.Debug|Any CPU.Build.0 = Debug|Any CPU
		{046E746F-0D49-ADED-C09E-82E7BB7CCBCE}.Release|Any CPU.ActiveCfg = Release|Any CPU
		{046E746F-0D49-ADED-C09E-82E7BB7CCBCE}.Release|Any CPU.Build.0 = Release|Any CPU
		{3BBD4F2E-2264-BD36-65C9-5FCE2E579B7B}.Debug|Any CPU.ActiveCfg = Debug|Any CPU
		{3BBD4F2E-2264-BD36-65C9-5FCE2E579B7B}.Debug|Any CPU.Build.0 = Debug|Any CPU
		{3BBD4F2E-2264-BD36-65C9-5FCE2E579B7B}.Release|Any CPU.ActiveCfg = Release|Any CPU
		{3BBD4F2E-2264-BD36-65C9-5FCE2E579B7B}.Release|Any CPU.Build.0 = Release|Any CPU
		{C34EFC05-B340-D758-436C-D5A6D3C70B11}.Debug|Any CPU.ActiveCfg = Debug|Any CPU
		{C34EFC05-B340-D758-436C-D5A6D3C70B11}.Debug|Any CPU.Build.0 = Debug|Any CPU
		{C34EFC05-B340-D758-436C-D5A6D3C70B11}.Release|Any CPU.ActiveCfg = Release|Any CPU
		{C34EFC05-B340-D758-436C-D5A6D3C70B11}.Release|Any CPU.Build.0 = Release|Any CPU
	EndGlobalSection
	GlobalSection(SolutionProperties) = preSolution
		HideSolutionNode = FALSE
	EndGlobalSection
	GlobalSection(ExtensibilityGlobals) = postSolution
		SolutionGuid = {C3A2191E-EA28-4197-AD34-2A9605655900}
	EndGlobalSection
EndGlobal
